
Microsoft Visual Studio Solution File, Format Version 12.00
# Visual Studio Version 17
VisualStudioVersion = 17.3.32804.467
MinimumVisualStudioVersion = 10.0.40219.1
Project("{8BC9CEB8-8B4A-11D0-8D11-00A0C91BC942}") = "Server", "Server\Server.vcxproj", "{51EACDE9-27A6-4E0A-A1FB-B6A4B6EDDDFA}"
EndProject
Global
	GlobalSection(SolutionConfigurationPlatforms) = preSolution
		Debug|x64 = Debug|x64
		Debug|x86 = Debug|x86
		Release|x64 = Release|x64
		Release|x86 = Release|x86
	EndGlobalSection
	GlobalSection(ProjectConfigurationPlatforms) = postSolution
		{51EACDE9-27A6-4E0A-A1FB-B6A4B6EDDDFA}.Debug|x64.ActiveCfg = Debug|x64
		{51EACDE9-27A6-4E0A-A1FB-B6A4B6EDDDFA}.Debug|x64.Build.0 = Debug|x64
		{51EACDE9-27A6-4E0A-A1FB-B6A4B6EDDDFA}.Debug|x86.ActiveCfg = Debug|Win32
		{51EACDE9-27A6-4E0A-A1FB-B6A4B6EDDDFA}.Debug|x86.Build.0 = Debug|Win32
		{51EACDE9-27A6-4E0A-A1FB-B6A4B6EDDDFA}.Release|x64.ActiveCfg = Release|x64
		{51EACDE9-27A6-4E0A-A1FB-B6A4B6EDDDFA}.Release|x64.Build.0 = Release|x64
		{51EACDE9-27A6-4E0A-A1FB-B6A4B6EDDDFA}.Release|x86.ActiveCfg = Release|Win32
		{51EACDE9-27A6-4E0A-A1FB-B6A4B6EDDDFA}.Release|x86.Build.0 = Release|Win32
	EndGlobalSection
	GlobalSection(SolutionProperties) = preSolution
		HideSolutionNode = FALSE
	EndGlobalSection
	GlobalSection(ExtensibilityGlobals) = postSolution
		SolutionGuid = {E06101E6-E827-4F18-860F-CE366AD07FF3}
	EndGlobalSection
EndGlobal
